
Microsoft Visual Studio Solution File, Format Version 12.00
# Visual Studio 14
VisualStudioVersion = 14.0.23107.0
MinimumVisualStudioVersion = 10.0.40219.1
Project("{FAE04EC0-301F-11D3-BF4B-00C04F79EFBC}") = "ReactDesktopTest", "ReactDesktopTest\ReactDesktopTest\ReactDesktopTest.csproj", "{4E731D5E-9974-4579-B607-8B0225752785}"
EndProject
Project("{FAE04EC0-301F-11D3-BF4B-00C04F79EFBC}") = "ReactDesktopTest.AppWinForms", "ReactDesktopTest\ReactDesktopTest.AppWinForms\ReactDesktopTest.AppWinForms.csproj", "{44C41625-DB53-4AD4-B20A-AEC94580FA4C}"
EndProject
Project("{FAE04EC0-301F-11D3-BF4B-00C04F79EFBC}") = "ReactDesktopTest.AppConsole", "ReactDesktopTest\ReactDesktopTest.AppConsole\ReactDesktopTest.AppConsole.csproj", "{4C9AF7AA-C3A4-42F9-AFC5-7B785884AE18}"
EndProject
Project("{FAE04EC0-301F-11D3-BF4B-00C04F79EFBC}") = "ReactDesktopTest.Resources", "ReactDesktopTest\ReactDesktopTest.Resources\ReactDesktopTest.Resources.csproj", "{631A7A7A-BF75-4D9E-B33E-3DFB84F4565B}"
EndProject
Project("{FAE04EC0-301F-11D3-BF4B-00C04F79EFBC}") = "ReactDesktopTest.ServiceModel", "ReactDesktopTest\ReactDesktopTest.ServiceModel\ReactDesktopTest.ServiceModel.csproj", "{5A8507C4-0254-429A-A890-61BB75D037CF}"
EndProject
Project("{FAE04EC0-301F-11D3-BF4B-00C04F79EFBC}") = "ReactDesktopTest.ServiceInterface", "ReactDesktopTest\ReactDesktopTest.ServiceInterface\ReactDesktopTest.ServiceInterface.csproj", "{C5BC4334-4D75-44C2-AF4C-E52BE113E298}"
EndProject
Project("{FAE04EC0-301F-11D3-BF4B-00C04F79EFBC}") = "ReactDesktopTest.Tests", "ReactDesktopTest\ReactDesktopTest.Tests\ReactDesktopTest.Tests.csproj", "{B1665387-EF91-4CA0-82BB-66E5781ED800}"
EndProject
Global
	GlobalSection(SolutionConfigurationPlatforms) = preSolution
		Debug|Any CPU = Debug|Any CPU
		Debug|x86 = Debug|x86
		Release|Any CPU = Release|Any CPU
		Release|x86 = Release|x86
	EndGlobalSection
	GlobalSection(ProjectConfigurationPlatforms) = postSolution
		{4E731D5E-9974-4579-B607-8B0225752785}.Debug|Any CPU.ActiveCfg = Debug|Any CPU
		{4E731D5E-9974-4579-B607-8B0225752785}.Debug|Any CPU.Build.0 = Debug|Any CPU
		{4E731D5E-9974-4579-B607-8B0225752785}.Debug|x86.ActiveCfg = Debug|Any CPU
		{4E731D5E-9974-4579-B607-8B0225752785}.Debug|x86.Build.0 = Debug|Any CPU
		{4E731D5E-9974-4579-B607-8B0225752785}.Release|Any CPU.ActiveCfg = Release|Any CPU
		{4E731D5E-9974-4579-B607-8B0225752785}.Release|Any CPU.Build.0 = Release|Any CPU
		{4E731D5E-9974-4579-B607-8B0225752785}.Release|x86.ActiveCfg = Release|Any CPU
		{4E731D5E-9974-4579-B607-8B0225752785}.Release|x86.Build.0 = Release|Any CPU
		{44C41625-DB53-4AD4-B20A-AEC94580FA4C}.Debug|Any CPU.ActiveCfg = Debug|Any CPU
		{44C41625-DB53-4AD4-B20A-AEC94580FA4C}.Debug|Any CPU.Build.0 = Debug|Any CPU
		{44C41625-DB53-4AD4-B20A-AEC94580FA4C}.Debug|x86.ActiveCfg = Debug|x86
		{44C41625-DB53-4AD4-B20A-AEC94580FA4C}.Debug|x86.Build.0 = Debug|x86
		{44C41625-DB53-4AD4-B20A-AEC94580FA4C}.Release|Any CPU.ActiveCfg = Release|Any CPU
		{44C41625-DB53-4AD4-B20A-AEC94580FA4C}.Release|Any CPU.Build.0 = Release|Any CPU
		{44C41625-DB53-4AD4-B20A-AEC94580FA4C}.Release|x86.ActiveCfg = Release|x86
		{44C41625-DB53-4AD4-B20A-AEC94580FA4C}.Release|x86.Build.0 = Release|x86
		{4C9AF7AA-C3A4-42F9-AFC5-7B785884AE18}.Debug|Any CPU.ActiveCfg = Debug|Any CPU
		{4C9AF7AA-C3A4-42F9-AFC5-7B785884AE18}.Debug|Any CPU.Build.0 = Debug|Any CPU
		{4C9AF7AA-C3A4-42F9-AFC5-7B785884AE18}.Debug|x86.ActiveCfg = Debug|Any CPU
		{4C9AF7AA-C3A4-42F9-AFC5-7B785884AE18}.Debug|x86.Build.0 = Debug|Any CPU
		{4C9AF7AA-C3A4-42F9-AFC5-7B785884AE18}.Release|Any CPU.ActiveCfg = Release|Any CPU
		{4C9AF7AA-C3A4-42F9-AFC5-7B785884AE18}.Release|Any CPU.Build.0 = Release|Any CPU
		{4C9AF7AA-C3A4-42F9-AFC5-7B785884AE18}.Release|x86.ActiveCfg = Release|Any CPU
		{4C9AF7AA-C3A4-42F9-AFC5-7B785884AE18}.Release|x86.Build.0 = Release|Any CPU
		{631A7A7A-BF75-4D9E-B33E-3DFB84F4565B}.Debug|Any CPU.ActiveCfg = Debug|Any CPU
		{631A7A7A-BF75-4D9E-B33E-3DFB84F4565B}.Debug|Any CPU.Build.0 = Debug|Any CPU
		{631A7A7A-BF75-4D9E-B33E-3DFB84F4565B}.Debug|x86.ActiveCfg = Debug|Any CPU
		{631A7A7A-BF75-4D9E-B33E-3DFB84F4565B}.Debug|x86.Build.0 = Debug|Any CPU
		{631A7A7A-BF75-4D9E-B33E-3DFB84F4565B}.Release|Any CPU.ActiveCfg = Release|Any CPU
		{631A7A7A-BF75-4D9E-B33E-3DFB84F4565B}.Release|Any CPU.Build.0 = Release|Any CPU
		{631A7A7A-BF75-4D9E-B33E-3DFB84F4565B}.Release|x86.ActiveCfg = Release|Any CPU
		{631A7A7A-BF75-4D9E-B33E-3DFB84F4565B}.Release|x86.Build.0 = Release|Any CPU
		{5A8507C4-0254-429A-A890-61BB75D037CF}.Debug|Any CPU.ActiveCfg = Debug|Any CPU
		{5A8507C4-0254-429A-A890-61BB75D037CF}.Debug|Any CPU.Build.0 = Debug|Any CPU
		{5A8507C4-0254-429A-A890-61BB75D037CF}.Debug|x86.ActiveCfg = Debug|Any CPU
		{5A8507C4-0254-429A-A890-61BB75D037CF}.Debug|x86.Build.0 = Debug|Any CPU
		{5A8507C4-0254-429A-A890-61BB75D037CF}.Release|Any CPU.ActiveCfg = Release|Any CPU
		{5A8507C4-0254-429A-A890-61BB75D037CF}.Release|Any CPU.Build.0 = Release|Any CPU
		{5A8507C4-0254-429A-A890-61BB75D037CF}.Release|x86.ActiveCfg = Release|Any CPU
		{5A8507C4-0254-429A-A890-61BB75D037CF}.Release|x86.Build.0 = Release|Any CPU
		{C5BC4334-4D75-44C2-AF4C-E52BE113E298}.Debug|Any CPU.ActiveCfg = Debug|Any CPU
		{C5BC4334-4D75-44C2-AF4C-E52BE113E298}.Debug|Any CPU.Build.0 = Debug|Any CPU
		{C5BC4334-4D75-44C2-AF4C-E52BE113E298}.Debug|x86.ActiveCfg = Debug|Any CPU
		{C5BC4334-4D75-44C2-AF4C-E52BE113E298}.Debug|x86.Build.0 = Debug|Any CPU
		{C5BC4334-4D75-44C2-AF4C-E52BE113E298}.Release|Any CPU.ActiveCfg = Release|Any CPU
		{C5BC4334-4D75-44C2-AF4C-E52BE113E298}.Release|Any CPU.Build.0 = Release|Any CPU
		{C5BC4334-4D75-44C2-AF4C-E52BE113E298}.Release|x86.ActiveCfg = Release|Any CPU
		{C5BC4334-4D75-44C2-AF4C-E52BE113E298}.Release|x86.Build.0 = Release|Any CPU
		{B1665387-EF91-4CA0-82BB-66E5781ED800}.Debug|Any CPU.ActiveCfg = Debug|Any CPU
		{B1665387-EF91-4CA0-82BB-66E5781ED800}.Debug|Any CPU.Build.0 = Debug|Any CPU
		{B1665387-EF91-4CA0-82BB-66E5781ED800}.Debug|x86.ActiveCfg = Debug|Any CPU
		{B1665387-EF91-4CA0-82BB-66E5781ED800}.Debug|x86.Build.0 = Debug|Any CPU
		{B1665387-EF91-4CA0-82BB-66E5781ED800}.Release|Any CPU.ActiveCfg = Release|Any CPU
		{B1665387-EF91-4CA0-82BB-66E5781ED800}.Release|Any CPU.Build.0 = Release|Any CPU
		{B1665387-EF91-4CA0-82BB-66E5781ED800}.Release|x86.ActiveCfg = Release|Any CPU
		{B1665387-EF91-4CA0-82BB-66E5781ED800}.Release|x86.Build.0 = Release|Any CPU
	EndGlobalSection
	GlobalSection(SolutionProperties) = preSolution
		HideSolutionNode = FALSE
	EndGlobalSection
EndGlobal
