
Microsoft Visual Studio Solution File, Format Version 12.00
# Visual Studio 14
VisualStudioVersion = 14.0.24720.0
MinimumVisualStudioVersion = 10.0.40219.1
Project("{FAE04EC0-301F-11D3-BF4B-00C04F79EFBC}") = "ReactDesktopTest", "ReactDesktopTest\ReactDesktopTest\ReactDesktopTest.csproj", "{2C5E4CC0-836F-4C66-8777-734529B2A10E}"
EndProject
Project("{FAE04EC0-301F-11D3-BF4B-00C04F79EFBC}") = "ReactDesktopTest.AppWinForms", "ReactDesktopTest\ReactDesktopTest.AppWinForms\ReactDesktopTest.AppWinForms.csproj", "{CF5A3B45-E665-471F-9261-5FFFD6385A5B}"
EndProject
Project("{FAE04EC0-301F-11D3-BF4B-00C04F79EFBC}") = "ReactDesktopTest.AppConsole", "ReactDesktopTest\ReactDesktopTest.AppConsole\ReactDesktopTest.AppConsole.csproj", "{933C86FE-B31B-489E-9200-C4BEF1A5CE69}"
EndProject
Project("{FAE04EC0-301F-11D3-BF4B-00C04F79EFBC}") = "ReactDesktopTest.Resources", "ReactDesktopTest\ReactDesktopTest.Resources\ReactDesktopTest.Resources.csproj", "{29C02AC6-26DE-4168-AEEB-3248AB448968}"
EndProject
Project("{FAE04EC0-301F-11D3-BF4B-00C04F79EFBC}") = "ReactDesktopTest.ServiceModel", "ReactDesktopTest\ReactDesktopTest.ServiceModel\ReactDesktopTest.ServiceModel.csproj", "{4683FBE4-8681-44AE-8569-31DE98CF1692}"
EndProject
Project("{FAE04EC0-301F-11D3-BF4B-00C04F79EFBC}") = "ReactDesktopTest.ServiceInterface", "ReactDesktopTest\ReactDesktopTest.ServiceInterface\ReactDesktopTest.ServiceInterface.csproj", "{4AB27644-C225-4E4D-A779-0F3BB97C95BC}"
EndProject
Project("{FAE04EC0-301F-11D3-BF4B-00C04F79EFBC}") = "ReactDesktopTest.Tests", "ReactDesktopTest\ReactDesktopTest.Tests\ReactDesktopTest.Tests.csproj", "{B1665387-EF91-4CA0-82BB-66E5781ED800}"
EndProject
Global
	GlobalSection(SolutionConfigurationPlatforms) = preSolution
		Debug|Any CPU = Debug|Any CPU
		Debug|x86 = Debug|x86
		Release|Any CPU = Release|Any CPU
		Release|x86 = Release|x86
	EndGlobalSection
	GlobalSection(ProjectConfigurationPlatforms) = postSolution
		{2C5E4CC0-836F-4C66-8777-734529B2A10E}.Debug|Any CPU.ActiveCfg = Debug|Any CPU
		{2C5E4CC0-836F-4C66-8777-734529B2A10E}.Debug|Any CPU.Build.0 = Debug|Any CPU
		{2C5E4CC0-836F-4C66-8777-734529B2A10E}.Debug|x86.ActiveCfg = Debug|Any CPU
		{2C5E4CC0-836F-4C66-8777-734529B2A10E}.Debug|x86.Build.0 = Debug|Any CPU
		{2C5E4CC0-836F-4C66-8777-734529B2A10E}.Release|Any CPU.ActiveCfg = Release|Any CPU
		{2C5E4CC0-836F-4C66-8777-734529B2A10E}.Release|Any CPU.Build.0 = Release|Any CPU
		{2C5E4CC0-836F-4C66-8777-734529B2A10E}.Release|x86.ActiveCfg = Release|Any CPU
		{2C5E4CC0-836F-4C66-8777-734529B2A10E}.Release|x86.Build.0 = Release|Any CPU
		{CF5A3B45-E665-471F-9261-5FFFD6385A5B}.Debug|Any CPU.ActiveCfg = Debug|x86
		{CF5A3B45-E665-471F-9261-5FFFD6385A5B}.Debug|x86.ActiveCfg = Debug|x86
		{CF5A3B45-E665-471F-9261-5FFFD6385A5B}.Debug|x86.Build.0 = Debug|x86
		{CF5A3B45-E665-471F-9261-5FFFD6385A5B}.Release|Any CPU.ActiveCfg = Release|x86
		{CF5A3B45-E665-471F-9261-5FFFD6385A5B}.Release|x86.ActiveCfg = Release|x86
		{CF5A3B45-E665-471F-9261-5FFFD6385A5B}.Release|x86.Build.0 = Release|x86
		{933C86FE-B31B-489E-9200-C4BEF1A5CE69}.Debug|Any CPU.ActiveCfg = Debug|Any CPU
		{933C86FE-B31B-489E-9200-C4BEF1A5CE69}.Debug|Any CPU.Build.0 = Debug|Any CPU
		{933C86FE-B31B-489E-9200-C4BEF1A5CE69}.Debug|x86.ActiveCfg = Debug|Any CPU
		{933C86FE-B31B-489E-9200-C4BEF1A5CE69}.Debug|x86.Build.0 = Debug|Any CPU
		{933C86FE-B31B-489E-9200-C4BEF1A5CE69}.Release|Any CPU.ActiveCfg = Release|Any CPU
		{933C86FE-B31B-489E-9200-C4BEF1A5CE69}.Release|Any CPU.Build.0 = Release|Any CPU
		{933C86FE-B31B-489E-9200-C4BEF1A5CE69}.Release|x86.ActiveCfg = Release|Any CPU
		{933C86FE-B31B-489E-9200-C4BEF1A5CE69}.Release|x86.Build.0 = Release|Any CPU
		{29C02AC6-26DE-4168-AEEB-3248AB448968}.Debug|Any CPU.ActiveCfg = Debug|Any CPU
		{29C02AC6-26DE-4168-AEEB-3248AB448968}.Debug|Any CPU.Build.0 = Debug|Any CPU
		{29C02AC6-26DE-4168-AEEB-3248AB448968}.Debug|x86.ActiveCfg = Debug|x86
		{29C02AC6-26DE-4168-AEEB-3248AB448968}.Debug|x86.Build.0 = Debug|x86
		{29C02AC6-26DE-4168-AEEB-3248AB448968}.Release|Any CPU.ActiveCfg = Release|Any CPU
		{29C02AC6-26DE-4168-AEEB-3248AB448968}.Release|Any CPU.Build.0 = Release|Any CPU
		{29C02AC6-26DE-4168-AEEB-3248AB448968}.Release|x86.ActiveCfg = Release|x86
		{29C02AC6-26DE-4168-AEEB-3248AB448968}.Release|x86.Build.0 = Release|x86
		{4683FBE4-8681-44AE-8569-31DE98CF1692}.Debug|Any CPU.ActiveCfg = Debug|Any CPU
		{4683FBE4-8681-44AE-8569-31DE98CF1692}.Debug|Any CPU.Build.0 = Debug|Any CPU
		{4683FBE4-8681-44AE-8569-31DE98CF1692}.Debug|x86.ActiveCfg = Debug|Any CPU
		{4683FBE4-8681-44AE-8569-31DE98CF1692}.Debug|x86.Build.0 = Debug|Any CPU
		{4683FBE4-8681-44AE-8569-31DE98CF1692}.Release|Any CPU.ActiveCfg = Release|Any CPU
		{4683FBE4-8681-44AE-8569-31DE98CF1692}.Release|Any CPU.Build.0 = Release|Any CPU
		{4683FBE4-8681-44AE-8569-31DE98CF1692}.Release|x86.ActiveCfg = Release|Any CPU
		{4683FBE4-8681-44AE-8569-31DE98CF1692}.Release|x86.Build.0 = Release|Any CPU
		{4AB27644-C225-4E4D-A779-0F3BB97C95BC}.Debug|Any CPU.ActiveCfg = Debug|Any CPU
		{4AB27644-C225-4E4D-A779-0F3BB97C95BC}.Debug|Any CPU.Build.0 = Debug|Any CPU
		{4AB27644-C225-4E4D-A779-0F3BB97C95BC}.Debug|x86.ActiveCfg = Debug|Any CPU
		{4AB27644-C225-4E4D-A779-0F3BB97C95BC}.Debug|x86.Build.0 = Debug|Any CPU
		{4AB27644-C225-4E4D-A779-0F3BB97C95BC}.Release|Any CPU.ActiveCfg = Release|Any CPU
		{4AB27644-C225-4E4D-A779-0F3BB97C95BC}.Release|Any CPU.Build.0 = Release|Any CPU
		{4AB27644-C225-4E4D-A779-0F3BB97C95BC}.Release|x86.ActiveCfg = Release|Any CPU
		{4AB27644-C225-4E4D-A779-0F3BB97C95BC}.Release|x86.Build.0 = Release|Any CPU
		{B1665387-EF91-4CA0-82BB-66E5781ED800}.Debug|Any CPU.ActiveCfg = Debug|Any CPU
		{B1665387-EF91-4CA0-82BB-66E5781ED800}.Debug|Any CPU.Build.0 = Debug|Any CPU
		{B1665387-EF91-4CA0-82BB-66E5781ED800}.Debug|x86.ActiveCfg = Debug|Any CPU
		{B1665387-EF91-4CA0-82BB-66E5781ED800}.Debug|x86.Build.0 = Debug|Any CPU
		{B1665387-EF91-4CA0-82BB-66E5781ED800}.Release|Any CPU.ActiveCfg = Release|Any CPU
		{B1665387-EF91-4CA0-82BB-66E5781ED800}.Release|Any CPU.Build.0 = Release|Any CPU
		{B1665387-EF91-4CA0-82BB-66E5781ED800}.Release|x86.ActiveCfg = Release|Any CPU
		{B1665387-EF91-4CA0-82BB-66E5781ED800}.Release|x86.Build.0 = Release|Any CPU
	EndGlobalSection
	GlobalSection(SolutionProperties) = preSolution
		HideSolutionNode = FALSE
	EndGlobalSection
EndGlobal
